
Microsoft Visual Studio Solution File, Format Version 12.00
# Visual Studio Version 17
VisualStudioVersion = 17.1.32319.34
MinimumVisualStudioVersion = 10.0.40219.1
Project("{FAE04EC0-301F-11D3-BF4B-00C04F79EFBC}") = "MVC", "MVC.csproj", "{DD5A94FB-CDA6-43B7-9D75-A9DE12A83102}"
EndProject
Global
	GlobalSection(SolutionConfigurationPlatforms) = preSolution
		Debug|Any CPU = Debug|Any CPU
		Release|Any CPU = Release|Any CPU
	EndGlobalSection
	GlobalSection(ProjectConfigurationPlatforms) = postSolution
		{DD5A94FB-CDA6-43B7-9D75-A9DE12A83102}.Debug|Any CPU.ActiveCfg = Debug|Any CPU
		{DD5A94FB-CDA6-43B7-9D75-A9DE12A83102}.Debug|Any CPU.Build.0 = Debug|Any CPU
		{DD5A94FB-CDA6-43B7-9D75-A9DE12A83102}.Release|Any CPU.ActiveCfg = Release|Any CPU
		{DD5A94FB-CDA6-43B7-9D75-A9DE12A83102}.Release|Any CPU.Build.0 = Release|Any CPU
	EndGlobalSection
	GlobalSection(SolutionProperties) = preSolution
		HideSolutionNode = FALSE
	EndGlobalSection
	GlobalSection(ExtensibilityGlobals) = postSolution
		SolutionGuid = {B0606B5E-B18A-474B-98F0-F12EA4A80100}
	EndGlobalSection
EndGlobal
